
Microsoft Visual Studio Solution File, Format Version 12.00
# Visual Studio 15
VisualStudioVersion = 15.0.28307.572
MinimumVisualStudioVersion = 10.0.40219.1
Project("{888888A0-9F3D-457C-B088-3A5042F75D52}") = "ReadPDFLibraryAmlegal", "ReadPDFLibraryAmlegal\ReadPDFLibraryAmlegal.pyproj", "{8F8D9A56-B9A8-4B2C-A65B-196574B9244F}"
EndProject
Global
	GlobalSection(SolutionConfigurationPlatforms) = preSolution
		Debug|Any CPU = Debug|Any CPU
		Release|Any CPU = Release|Any CPU
	EndGlobalSection
	GlobalSection(ProjectConfigurationPlatforms) = postSolution
		{8F8D9A56-B9A8-4B2C-A65B-196574B9244F}.Debug|Any CPU.ActiveCfg = Debug|Any CPU
		{8F8D9A56-B9A8-4B2C-A65B-196574B9244F}.Release|Any CPU.ActiveCfg = Release|Any CPU
	EndGlobalSection
	GlobalSection(SolutionProperties) = preSolution
		HideSolutionNode = FALSE
	EndGlobalSection
	GlobalSection(ExtensibilityGlobals) = postSolution
		SolutionGuid = {2BE5BAFD-2E60-42A0-8F5B-908125F1EE56}
	EndGlobalSection
EndGlobal
